{
  "name": "dia-mcp-worker",
  "version": "0.1.0",
  "lockfileVersion": 3,
  "requires": true,
  "packages": {
    "": {
      "name": "dia-mcp-worker",
      "version": "0.1.0",
      "dependencies": {
        "@cloudflare/workers-oauth-provider": "^0.7.0"
      },
      "devDependencies": {
        "@cloudflare/workers-types": "^4.20250101.0",
        "typescript": "^5.7.0"
      }
    },
    "node_modules/@cloudflare/workers-oauth-provider": {
      "version": "0.7.0",
      "resolved": "https://registry.npmjs.org/@cloudflare/workers-oauth-provider/-/workers-oauth-provider-0.7.0.tgz",
      "integrity": "sha512-w0s740/aV76mOkCgTcAQ31Lcju38Bt2BN3gbWPfhF9TvN6ED8nv08TSkNPARJa7X2AZzWhxqRlMrbWzEDPcY+Q==",
      "license": "MIT"
    },
    "node_modules/@cloudflare/workers-types": {
      "version": "4.20260420.1",
      "resolved": "https://registry.npmjs.org/@cloudflare/workers-types/-/workers-types-4.20260420.1.tgz",
      "integrity": "sha512-DHT9JnSn9cIiCSdL76OxW+Xvc1+ml1CWzWvgVwreoHQ+E604aeFxPPHp9X7nE+XRWm2NH4l0OgtxUI5T/nuI3g==",
      "dev": true,
      "license": "MIT OR Apache-2.0"
    },
    "node_modules/typescript": {
      "version": "5.9.3",
      "resolved": "https://registry.npmjs.org/typescript/-/typescript-5.9.3.tgz",
      "integrity": "sha512-jl1vZzPDinLr9eUt3J/t7V6FgNEw9QjvBPdysz9KfQDD41fQrC2Y4vKQdiaUpFT4bXlb1RHhLpp8wtm6M5TgSw==",
      "dev": true,
      "license": "Apache-2.0",
      "bin": {
        "tsc": "bin/tsc",
        "tsserver": "bin/tsserver"
      },
      "engines": {
        "node": ">=14.17"
      }
    }
  }
}
